<?xml version="1.0" encoding="utf-8"?>
<Project ToolsVersion="4.0" xmlns="http://schemas.microsoft.com/developer/msbuild/2003">
  <ItemGroup>
    <Filter Include="Source">
      <UniqueIdentifier>{c3e6017b-6029-4ea1-9bc5-7167b96edddd}</UniqueIdentifier>
      <Extensions>
      </Extensions>
    </Filter>
  </ItemGroup>
  <ItemGroup>
    <ClCompile Include="Source\Client.cpp">
      <Filter>Source</Filter>
    </ClCompile>
    <ClCompile Include="Source\Player.cpp">
      <Filter>Source</Filter>
    </ClCompile>
    <ClCompile Include="Source\Server.cpp">
      <Filter>Source</Filter>
    </ClCompile>
    <ClCompile Include="Source\TestState.cpp">
      <Filter>Source</Filter>
    </ClCompile>
    <ClCompile Include="Source\DebugCameraSystem.cpp">
      <Filter>Source</Filter>
    </ClCompile>
    <ClCompile Include="Source\RenderingSystem.cpp">
      <Filter>Source</Filter>
    </ClCompile>
  </ItemGroup>
  <ItemGroup>
    <ClInclude Include="Source\Client.h">
      <Filter>Source</Filter>
    </ClInclude>
    <ClInclude Include="Source\PacketType.h">
      <Filter>Source</Filter>
    </ClInclude>
    <ClInclude Include="Source\Player.h">
      <Filter>Source</Filter>
    </ClInclude>
    <ClInclude Include="Source\Server.h">
      <Filter>Source</Filter>
    </ClInclude>
    <ClInclude Include="Source\TestState.h">
      <Filter>Source</Filter>
    </ClInclude>
    <ClInclude Include="Source\DebugCamera.h">
      <Filter>Source</Filter>
    </ClInclude>
    <ClInclude Include="Source\DebugCameraSystem.h">
      <Filter>Source</Filter>
    </ClInclude>
    <ClInclude Include="Source\RenderingSystem.h">
      <Filter>Source</Filter>
    </ClInclude>
  </ItemGroup>
</Project>