<?xml version="1.0" encoding="utf-8"?>
<Project ToolsVersion="4.0" xmlns="http://schemas.microsoft.com/developer/msbuild/2003">
  <ItemGroup>
    <Filter Include="Source Files">
      <UniqueIdentifier>{4FC737F1-C7A5-4376-A066-2A32D752A2FF}</UniqueIdentifier>
      <Extensions>cpp;c;cc;cxx;def;odl;idl;hpj;bat;asm;asmx</Extensions>
    </Filter>
    <Filter Include="Header Files">
      <UniqueIdentifier>{93995380-89BD-4b04-88EB-625FBE52EBFB}</UniqueIdentifier>
      <Extensions>h;hpp;hxx;hm;inl;inc;xsd</Extensions>
    </Filter>
    <Filter Include="Resource Files">
      <UniqueIdentifier>{67DA6AB6-F800-4c08-8B7A-83BB121AAD01}</UniqueIdentifier>
      <Extensions>rc;ico;cur;bmp;dlg;rc2;rct;bin;rgs;gif;jpg;jpeg;jpe;resx;tiff;tif;png;wav;mfcribbon-ms</Extensions>
    </Filter>
  </ItemGroup>
  <ItemGroup>
    <ClCompile Include="Source\Win32\TimeHelpers.cpp">
      <Filter>Source Files</Filter>
    </ClCompile>
    <ClCompile Include="Source\AssertException.cpp">
      <Filter>Source Files</Filter>
    </ClCompile>
    <ClCompile Include="Source\Checks.cpp">
      <Filter>Source Files</Filter>
    </ClCompile>
    <ClCompile Include="Source\CurrentTest.cpp">
      <Filter>Source Files</Filter>
    </ClCompile>
    <ClCompile Include="Source\DeferredTestReporter.cpp">
      <Filter>Source Files</Filter>
    </ClCompile>
    <ClCompile Include="Source\DeferredTestResult.cpp">
      <Filter>Source Files</Filter>
    </ClCompile>
    <ClCompile Include="Source\MemoryOutStream.cpp">
      <Filter>Source Files</Filter>
    </ClCompile>
    <ClCompile Include="Source\ReportAssert.cpp">
      <Filter>Source Files</Filter>
    </ClCompile>
    <ClCompile Include="Source\Test.cpp">
      <Filter>Source Files</Filter>
    </ClCompile>
    <ClCompile Include="Source\TestDetails.cpp">
      <Filter>Source Files</Filter>
    </ClCompile>
    <ClCompile Include="Source\TestList.cpp">
      <Filter>Source Files</Filter>
    </ClCompile>
    <ClCompile Include="Source\TestReporter.cpp">
      <Filter>Source Files</Filter>
    </ClCompile>
    <ClCompile Include="Source\TestReporterStdout.cpp">
      <Filter>Source Files</Filter>
    </ClCompile>
    <ClCompile Include="Source\TestResults.cpp">
      <Filter>Source Files</Filter>
    </ClCompile>
    <ClCompile Include="Source\TestRunner.cpp">
      <Filter>Source Files</Filter>
    </ClCompile>
    <ClCompile Include="Source\TimeConstraint.cpp">
      <Filter>Source Files</Filter>
    </ClCompile>
    <ClCompile Include="Source\XmlTestReporter.cpp">
      <Filter>Source Files</Filter>
    </ClCompile>
  </ItemGroup>
  <ItemGroup>
    <ClInclude Include="Source\Win32\TimeHelpers.h">
      <Filter>Header Files</Filter>
    </ClInclude>
    <ClInclude Include="Source\AssertException.h">
      <Filter>Header Files</Filter>
    </ClInclude>
    <ClInclude Include="Source\CheckMacros.h">
      <Filter>Header Files</Filter>
    </ClInclude>
    <ClInclude Include="Source\Checks.h">
      <Filter>Header Files</Filter>
    </ClInclude>
    <ClInclude Include="Source\Config.h">
      <Filter>Header Files</Filter>
    </ClInclude>
    <ClInclude Include="Source\CurrentTest.h">
      <Filter>Header Files</Filter>
    </ClInclude>
    <ClInclude Include="Source\DeferredTestReporter.h">
      <Filter>Header Files</Filter>
    </ClInclude>
    <ClInclude Include="Source\DeferredTestResult.h">
      <Filter>Header Files</Filter>
    </ClInclude>
    <ClInclude Include="Source\ExecuteTest.h">
      <Filter>Header Files</Filter>
    </ClInclude>
    <ClInclude Include="Source\MemoryOutStream.h">
      <Filter>Header Files</Filter>
    </ClInclude>
    <ClInclude Include="Source\ReportAssert.h">
      <Filter>Header Files</Filter>
    </ClInclude>
    <ClInclude Include="Source\Test.h">
      <Filter>Header Files</Filter>
    </ClInclude>
    <ClInclude Include="Source\TestDetails.h">
      <Filter>Header Files</Filter>
    </ClInclude>
    <ClInclude Include="Source\TestList.h">
      <Filter>Header Files</Filter>
    </ClInclude>
    <ClInclude Include="Source\TestMacros.h">
      <Filter>Header Files</Filter>
    </ClInclude>
    <ClInclude Include="Source\TestReporter.h">
      <Filter>Header Files</Filter>
    </ClInclude>
    <ClInclude Include="Source\TestReporterStdout.h">
      <Filter>Header Files</Filter>
    </ClInclude>
    <ClInclude Include="Source\TestResults.h">
      <Filter>Header Files</Filter>
    </ClInclude>
    <ClInclude Include="Source\TestRunner.h">
      <Filter>Header Files</Filter>
    </ClInclude>
    <ClInclude Include="Source\TestSuite.h">
      <Filter>Header Files</Filter>
    </ClInclude>
    <ClInclude Include="Source\TimeConstraint.h">
      <Filter>Header Files</Filter>
    </ClInclude>
    <ClInclude Include="Source\TimeHelpers.h">
      <Filter>Header Files</Filter>
    </ClInclude>
    <ClInclude Include="Source\UnitTest++.h">
      <Filter>Header Files</Filter>
    </ClInclude>
    <ClInclude Include="Source\XmlTestReporter.h">
      <Filter>Header Files</Filter>
    </ClInclude>
  </ItemGroup>
</Project>