<?xml version="1.0" encoding="utf-8"?>
<Project ToolsVersion="4.0" xmlns="http://schemas.microsoft.com/developer/msbuild/2003">
  <ItemGroup>
    <ClInclude Include="Source\AssetCacheTests.h">
      <Filter>Source</Filter>
    </ClInclude>
    <ClInclude Include="Source\MaterialLoadingTests.h">
      <Filter>Source</Filter>
    </ClInclude>
    <ClInclude Include="Source\MeshLoadingTests.h">
      <Filter>Source</Filter>
    </ClInclude>
    <ClInclude Include="Source\NetworkTests.h">
      <Filter>Source</Filter>
    </ClInclude>
    <ClInclude Include="Source\TaskPoolTests.h">
      <Filter>Source</Filter>
    </ClInclude>
    <ClInclude Include="Source\EntityTests.h">
      <Filter>Source</Filter>
    </ClInclude>
    <ClInclude Include="Source\FileSystemTests.h">
      <Filter>Source</Filter>
    </ClInclude>
  </ItemGroup>
  <ItemGroup>
    <Filter Include="Source">
      <UniqueIdentifier>{2321e13a-1775-4f46-b20f-9bc6c6a6bf29}</UniqueIdentifier>
      <Extensions>
      </Extensions>
    </Filter>
  </ItemGroup>
  <ItemGroup>
    <ClCompile Include="Source\Main.cpp">
      <Filter>Source</Filter>
    </ClCompile>
  </ItemGroup>
</Project>